<?xml version="1.0" encoding="utf-8"?>
<Project ToolsVersion="4.0" xmlns="http://schemas.microsoft.com/developer/msbuild/2003">
  <ItemGroup>
    <Filter Include="Source Files">
      <UniqueIdentifier>{4FC737F1-C7A5-4376-A066-2A32D752A2FF}</UniqueIdentifier>
      <Extensions>cpp;c;cc;cxx;c++;cppm;ixx;def;odl;idl;hpj;bat;asm;asmx</Extensions>
    </Filter>
    <Filter Include="Header Files">
      <UniqueIdentifier>{93995380-89BD-4b04-88EB-625FBE52EBFB}</UniqueIdentifier>
      <Extensions>h;hh;hpp;hxx;h++;hm;inl;inc;ipp;xsd</Extensions>
    </Filter>
    <Filter Include="Resource Files">
      <UniqueIdentifier>{67DA6AB6-F800-4c08-8B7A-83BB121AAD01}</UniqueIdentifier>
      <Extensions>rc;ico;cur;bmp;dlg;rc2;rct;bin;rgs;gif;jpg;jpeg;jpe;resx;tiff;tif;png;wav;mfcribbon-ms</Extensions>
    </Filter>
    <Filter Include="interface">
      <UniqueIdentifier>{8e9c5ab9-24a2-4bd0-a608-8e114973c99a}</UniqueIdentifier>
    </Filter>
  </ItemGroup>
  <ItemGroup>
    <ClCompile Include="crazyflie-console-cpp.cpp">
      <Filter>Source Files</Filter>
    </ClCompile>
  </ItemGroup>
  <ItemGroup>
    <ClInclude Include="..\crazyflie-client-cpp\include\cflog.h">
      <Filter>interface</Filter>
    </ClInclude>
    <ClInclude Include="..\crazyflie-client-cpp\include\commander.h">
      <Filter>interface</Filter>
    </ClInclude>
    <ClInclude Include="..\crazyflie-client-cpp\include\crazyflie.h">
      <Filter>interface</Filter>
    </ClInclude>
    <ClInclude Include="..\crazyflie-client-cpp\include\ctrp.h">
      <Filter>interface</Filter>
    </ClInclude>
    <ClInclude Include="..\crazyflie-client-cpp\include\highlevelcommander.h">
      <Filter>interface</Filter>
    </ClInclude>
    <ClInclude Include="..\crazyflie-client-cpp\include\logtoc.h">
      <Filter>interface</Filter>
    </ClInclude>
    <ClInclude Include="..\crazyflie-client-cpp\include\lttype.h">
      <Filter>interface</Filter>
    </ClInclude>
    <ClInclude Include="..\crazyflie-client-cpp\include\messageout.h">
      <Filter>interface</Filter>
    </ClInclude>
    <ClInclude Include="..\crazyflie-client-cpp\include\multiranger.h">
      <Filter>interface</Filter>
    </ClInclude>
    <ClInclude Include="..\crazyflie-client-cpp\include\PackUtils.h">
      <Filter>interface</Filter>
    </ClInclude>
    <ClInclude Include="..\crazyflie-client-cpp\include\param.h">
      <Filter>interface</Filter>
    </ClInclude>
    <ClInclude Include="..\crazyflie-client-cpp\include\paramtoc.h">
      <Filter>interface</Filter>
    </ClInclude>
    <ClInclude Include="..\crazyflie-client-cpp\include\platformservice.h">
      <Filter>interface</Filter>
    </ClInclude>
    <ClInclude Include="..\crazyflie-client-cpp\include\portconnect.h">
      <Filter>interface</Filter>
    </ClInclude>
    <ClInclude Include="..\crazyflie-client-cpp\include\powermanagement.h">
      <Filter>interface</Filter>
    </ClInclude>
    <ClInclude Include="..\crazyflie-client-cpp\include\pttype.h">
      <Filter>interface</Filter>
    </ClInclude>
    <ClInclude Include="..\crazyflie-client-cpp\include\stateestimate.h">
      <Filter>interface</Filter>
    </ClInclude>
  </ItemGroup>
</Project>